Microsoft Visual Studio Solution File, Format Version 8.00
Project("{FAE04EC0-301F-11D3-BF4B-00C04F79EFBC}") = "Deleting_Fixed_Length_Records", "Deleting_Fixed_Length_Records.csproj", "{7A5CFFA0-FB45-4642-9272-29C050387329}"
	ProjectSection(ProjectDependencies) = postProject
	EndProjectSection
EndProject
Global
	GlobalSection(SolutionConfiguration) = preSolution
		Debug = Debug
		Release = Release
	EndGlobalSection
	GlobalSection(ProjectConfiguration) = postSolution
		{7A5CFFA0-FB45-4642-9272-29C050387329}.Debug.ActiveCfg = Debug|.NET
		{7A5CFFA0-FB45-4642-9272-29C050387329}.Debug.Build.0 = Debug|.NET
		{7A5CFFA0-FB45-4642-9272-29C050387329}.Release.ActiveCfg = Release|.NET
		{7A5CFFA0-FB45-4642-9272-29C050387329}.Release.Build.0 = Release|.NET
	EndGlobalSection
	GlobalSection(ExtensibilityGlobals) = postSolution
	EndGlobalSection
	GlobalSection(ExtensibilityAddIns) = postSolution
	EndGlobalSection
EndGlobal
